// !$*UTF8*$!
{
	archiveVersion = 1;
	classes = {
	};
	objectVersion = 56;
	objects = {

/* Begin PBXBuildFile section */
		2310D1652E3C4F83000A31BD /* ToDoTableViewCell.swift in Sources */ = {isa = PBXBuildFile; fileRef = 2310D1642E3C4F83000A31BD /* ToDoTableViewCell.swift */; };
		23326CF12E467E97001BB014 /* ToDoPresenterTests.swift in Sources */ = {isa = PBXBuildFile; fileRef = 23326CF02E467E97001BB014 /* ToDoPresenterTests.swift */; };
		23396A182E3B5FA40011C343 /* ToDoPresenter.swift in Sources */ = {isa = PBXBuildFile; fileRef = 23396A172E3B5FA40011C343 /* ToDoPresenter.swift */; };
		234012E12E406EA300305D9B /* ToDoService.swift in Sources */ = {isa = PBXBuildFile; fileRef = 234012E02E406EA300305D9B /* ToDoService.swift */; };
		235F5CAB2E3F845700834C15 /* ToDoInteractor.swift in Sources */ = {isa = PBXBuildFile; fileRef = 235F5CAA2E3F845700834C15 /* ToDoInteractor.swift */; };
		235F5CAD2E3F885900834C15 /* ToDoDTO.swift in Sources */ = {isa = PBXBuildFile; fileRef = 235F5CAC2E3F885900834C15 /* ToDoDTO.swift */; };
		23620C622E38DCBF006B4D60 /* AppDelegate.swift in Sources */ = {isa = PBXBuildFile; fileRef = 23620C612E38DCBF006B4D60 /* AppDelegate.swift */; };
		23620C642E38DCBF006B4D60 /* SceneDelegate.swift in Sources */ = {isa = PBXBuildFile; fileRef = 23620C632E38DCBF006B4D60 /* SceneDelegate.swift */; };
		23620C662E38DCBF006B4D60 /* ToDoViewController.swift in Sources */ = {isa = PBXBuildFile; fileRef = 23620C652E38DCBF006B4D60 /* ToDoViewController.swift */; };
		23620C692E38DCBF006B4D60 /* Main.storyboard in Resources */ = {isa = PBXBuildFile; fileRef = 23620C672E38DCBF006B4D60 /* Main.storyboard */; };
		23620C6C2E38DCBF006B4D60 /* ToDoApp.xcdatamodeld in Sources */ = {isa = PBXBuildFile; fileRef = 23620C6A2E38DCBF006B4D60 /* ToDoApp.xcdatamodeld */; };
		23620C6E2E38DCC4006B4D60 /* Assets.xcassets in Resources */ = {isa = PBXBuildFile; fileRef = 23620C6D2E38DCC4006B4D60 /* Assets.xcassets */; };
		23620C712E38DCC4006B4D60 /* LaunchScreen.storyboard in Resources */ = {isa = PBXBuildFile; fileRef = 23620C6F2E38DCC4006B4D60 /* LaunchScreen.storyboard */; };
		23620C7C2E38DCC4006B4D60 /* ToDoInteractorTests.swift in Sources */ = {isa = PBXBuildFile; fileRef = 23620C7B2E38DCC4006B4D60 /* ToDoInteractorTests.swift */; };
		23620C862E38DCC4006B4D60 /* ToDoAppUITests.swift in Sources */ = {isa = PBXBuildFile; fileRef = 23620C852E38DCC4006B4D60 /* ToDoAppUITests.swift */; };
		23620C882E38DCC4006B4D60 /* ToDoAppUITestsLaunchTests.swift in Sources */ = {isa = PBXBuildFile; fileRef = 23620C872E38DCC4006B4D60 /* ToDoAppUITestsLaunchTests.swift */; };
		23620C952E38DE9F006B4D60 /* ToDoConfigurator.swift in Sources */ = {isa = PBXBuildFile; fileRef = 23620C942E38DE9F006B4D60 /* ToDoConfigurator.swift */; };
		2378DDB02E41D556001C462E /* TaskEntity+CoreDataClass.swift in Sources */ = {isa = PBXBuildFile; fileRef = 2378DDAE2E41D556001C462E /* TaskEntity+CoreDataClass.swift */; };
		2378DDB12E41D556001C462E /* TaskEntity+CoreDataProperties.swift in Sources */ = {isa = PBXBuildFile; fileRef = 2378DDAF2E41D556001C462E /* TaskEntity+CoreDataProperties.swift */; };
		2378DDB42E41DAFD001C462E /* Task.swift in Sources */ = {isa = PBXBuildFile; fileRef = 2378DDB32E41DAFD001C462E /* Task.swift */; };
		2378DDBD2E437FA0001C462E /* ToDoRouter.swift in Sources */ = {isa = PBXBuildFile; fileRef = 2378DDBC2E437FA0001C462E /* ToDoRouter.swift */; };
		237B69422E450901008B6545 /* EditTaskRouter.swift in Sources */ = {isa = PBXBuildFile; fileRef = 237B69412E450901008B6545 /* EditTaskRouter.swift */; };
		238B4D0E2E44A1DF002B7B42 /* EditTaskViewController.swift in Sources */ = {isa = PBXBuildFile; fileRef = 238B4D0D2E44A1DF002B7B42 /* EditTaskViewController.swift */; };
		238B4D102E44B6A4002B7B42 /* EditTaskPresenter.swift in Sources */ = {isa = PBXBuildFile; fileRef = 238B4D0F2E44B6A4002B7B42 /* EditTaskPresenter.swift */; };
		238B4D132E44C03F002B7B42 /* WordChancher.swift in Sources */ = {isa = PBXBuildFile; fileRef = 238B4D122E44C03F002B7B42 /* WordChancher.swift */; };
		238B4D152E44CC46002B7B42 /* EditTaskInteractor.swift in Sources */ = {isa = PBXBuildFile; fileRef = 238B4D142E44CC46002B7B42 /* EditTaskInteractor.swift */; };
		238B4D172E44CF80002B7B42 /* TodayDate.swift in Sources */ = {isa = PBXBuildFile; fileRef = 238B4D162E44CF80002B7B42 /* TodayDate.swift */; };
		238F13822E44EF6B004E47D1 /* CreateTaskViewController.swift in Sources */ = {isa = PBXBuildFile; fileRef = 238F13812E44EF6B004E47D1 /* CreateTaskViewController.swift */; };
		23A374B62E471B6400C1F910 /* ProgressHUD in Frameworks */ = {isa = PBXBuildFile; productRef = 23A374B52E471B6400C1F910 /* ProgressHUD */; };
		23A374B82E471BA400C1F910 /* ProgressHUD.swift in Sources */ = {isa = PBXBuildFile; fileRef = 23A374B72E471BA400C1F910 /* ProgressHUD.swift */; };
		23A374BA2E4728E000C1F910 /* DateFromStringMaker.swift in Sources */ = {isa = PBXBuildFile; fileRef = 23A374B92E4728E000C1F910 /* DateFromStringMaker.swift */; };
		23A374BC2E47291200C1F910 /* StringFromDateMaker.swift in Sources */ = {isa = PBXBuildFile; fileRef = 23A374BB2E47291200C1F910 /* StringFromDateMaker.swift */; };
/* End PBXBuildFile section */

/* Begin PBXContainerItemProxy section */
		23620C782E38DCC4006B4D60 /* PBXContainerItemProxy */ = {
			isa = PBXContainerItemProxy;
			containerPortal = 23620C562E38DCBF006B4D60 /* Project object */;
			proxyType = 1;
			remoteGlobalIDString = 23620C5D2E38DCBF006B4D60;
			remoteInfo = ToDoApp;
		};
		23620C822E38DCC4006B4D60 /* PBXContainerItemProxy */ = {
			isa = PBXContainerItemProxy;
			containerPortal = 23620C562E38DCBF006B4D60 /* Project object */;
			proxyType = 1;
			remoteGlobalIDString = 23620C5D2E38DCBF006B4D60;
			remoteInfo = ToDoApp;
		};
/* End PBXContainerItemProxy section */

/* Begin PBXFileReference section */
		2310D1642E3C4F83000A31BD /* ToDoTableViewCell.swift */ = {isa = PBXFileReference; lastKnownFileType = sourcecode.swift; path = ToDoTableViewCell.swift; sourceTree = "<group>"; };
		23326CF02E467E97001BB014 /* ToDoPresenterTests.swift */ = {isa = PBXFileReference; lastKnownFileType = sourcecode.swift; path = ToDoPresenterTests.swift; sourceTree = "<group>"; };
		23396A172E3B5FA40011C343 /* ToDoPresenter.swift */ = {isa = PBXFileReference; lastKnownFileType = sourcecode.swift; path = ToDoPresenter.swift; sourceTree = "<group>"; };
		234012E02E406EA300305D9B /* ToDoService.swift */ = {isa = PBXFileReference; lastKnownFileType = sourcecode.swift; path = ToDoService.swift; sourceTree = "<group>"; };
		235F5CAA2E3F845700834C15 /* ToDoInteractor.swift */ = {isa = PBXFileReference; lastKnownFileType = sourcecode.swift; path = ToDoInteractor.swift; sourceTree = "<group>"; };
		235F5CAC2E3F885900834C15 /* ToDoDTO.swift */ = {isa = PBXFileReference; lastKnownFileType = sourcecode.swift; path = ToDoDTO.swift; sourceTree = "<group>"; };
		23620C5E2E38DCBF006B4D60 /* ToDoApp.app */ = {isa = PBXFileReference; explicitFileType = wrapper.application; includeInIndex = 0; path = ToDoApp.app; sourceTree = BUILT_PRODUCTS_DIR; };
		23620C612E38DCBF006B4D60 /* AppDelegate.swift */ = {isa = PBXFileReference; lastKnownFileType = sourcecode.swift; path = AppDelegate.swift; sourceTree = "<group>"; };
		23620C632E38DCBF006B4D60 /* SceneDelegate.swift */ = {isa = PBXFileReference; lastKnownFileType = sourcecode.swift; path = SceneDelegate.swift; sourceTree = "<group>"; };
		23620C652E38DCBF006B4D60 /* ToDoViewController.swift */ = {isa = PBXFileReference; lastKnownFileType = sourcecode.swift; path = ToDoViewController.swift; sourceTree = "<group>"; };
		23620C682E38DCBF006B4D60 /* Base */ = {isa = PBXFileReference; lastKnownFileType = file.storyboard; name = Base; path = Base.lproj/Main.storyboard; sourceTree = "<group>"; };
		23620C6B2E38DCBF006B4D60 /* ToDoApp.xcdatamodel */ = {isa = PBXFileReference; lastKnownFileType = wrapper.xcdatamodel; path = ToDoApp.xcdatamodel; sourceTree = "<group>"; };
		23620C6D2E38DCC4006B4D60 /* Assets.xcassets */ = {isa = PBXFileReference; lastKnownFileType = folder.assetcatalog; path = Assets.xcassets; sourceTree = "<group>"; };
		23620C702E38DCC4006B4D60 /* Base */ = {isa = PBXFileReference; lastKnownFileType = file.storyboard; name = Base; path = Base.lproj/LaunchScreen.storyboard; sourceTree = "<group>"; };
		23620C722E38DCC4006B4D60 /* Info.plist */ = {isa = PBXFileReference; lastKnownFileType = text.plist.xml; path = Info.plist; sourceTree = "<group>"; };
		23620C772E38DCC4006B4D60 /* ToDoAppTests.xctest */ = {isa = PBXFileReference; explicitFileType = wrapper.cfbundle; includeInIndex = 0; path = ToDoAppTests.xctest; sourceTree = BUILT_PRODUCTS_DIR; };
		23620C7B2E38DCC4006B4D60 /* ToDoInteractorTests.swift */ = {isa = PBXFileReference; lastKnownFileType = sourcecode.swift; path = ToDoInteractorTests.swift; sourceTree = "<group>"; };
		23620C812E38DCC4006B4D60 /* ToDoAppUITests.xctest */ = {isa = PBXFileReference; explicitFileType = wrapper.cfbundle; includeInIndex = 0; path = ToDoAppUITests.xctest; sourceTree = BUILT_PRODUCTS_DIR; };
		23620C852E38DCC4006B4D60 /* ToDoAppUITests.swift */ = {isa = PBXFileReference; lastKnownFileType = sourcecode.swift; path = ToDoAppUITests.swift; sourceTree = "<group>"; };
		23620C872E38DCC4006B4D60 /* ToDoAppUITestsLaunchTests.swift */ = {isa = PBXFileReference; lastKnownFileType = sourcecode.swift; path = ToDoAppUITestsLaunchTests.swift; sourceTree = "<group>"; };
		23620C942E38DE9F006B4D60 /* ToDoConfigurator.swift */ = {isa = PBXFileReference; lastKnownFileType = sourcecode.swift; path = ToDoConfigurator.swift; sourceTree = "<group>"; };
		2378DDAE2E41D556001C462E /* TaskEntity+CoreDataClass.swift */ = {isa = PBXFileReference; lastKnownFileType = sourcecode.swift; name = "TaskEntity+CoreDataClass.swift"; path = "ToDoApp/ToDoModels/TaskEntity+CoreDataClass.swift"; sourceTree = SOURCE_ROOT; };
		2378DDAF2E41D556001C462E /* TaskEntity+CoreDataProperties.swift */ = {isa = PBXFileReference; lastKnownFileType = sourcecode.swift; name = "TaskEntity+CoreDataProperties.swift"; path = "ToDoApp/ToDoModels/TaskEntity+CoreDataProperties.swift"; sourceTree = SOURCE_ROOT; };
		2378DDB32E41DAFD001C462E /* Task.swift */ = {isa = PBXFileReference; lastKnownFileType = sourcecode.swift; path = Task.swift; sourceTree = "<group>"; };
		2378DDBC2E437FA0001C462E /* ToDoRouter.swift */ = {isa = PBXFileReference; lastKnownFileType = sourcecode.swift; path = ToDoRouter.swift; sourceTree = "<group>"; };
		237B69412E450901008B6545 /* EditTaskRouter.swift */ = {isa = PBXFileReference; lastKnownFileType = sourcecode.swift; path = EditTaskRouter.swift; sourceTree = "<group>"; };
		238B4D0D2E44A1DF002B7B42 /* EditTaskViewController.swift */ = {isa = PBXFileReference; lastKnownFileType = sourcecode.swift; path = EditTaskViewController.swift; sourceTree = "<group>"; };
		238B4D0F2E44B6A4002B7B42 /* EditTaskPresenter.swift */ = {isa = PBXFileReference; lastKnownFileType = sourcecode.swift; path = EditTaskPresenter.swift; sourceTree = "<group>"; };
		238B4D122E44C03F002B7B42 /* WordChancher.swift */ = {isa = PBXFileReference; lastKnownFileType = sourcecode.swift; path = WordChancher.swift; sourceTree = "<group>"; };
		238B4D142E44CC46002B7B42 /* EditTaskInteractor.swift */ = {isa = PBXFileReference; lastKnownFileType = sourcecode.swift; path = EditTaskInteractor.swift; sourceTree = "<group>"; };
		238B4D162E44CF80002B7B42 /* TodayDate.swift */ = {isa = PBXFileReference; lastKnownFileType = sourcecode.swift; path = TodayDate.swift; sourceTree = "<group>"; };
		238F13812E44EF6B004E47D1 /* CreateTaskViewController.swift */ = {isa = PBXFileReference; lastKnownFileType = sourcecode.swift; path = CreateTaskViewController.swift; sourceTree = "<group>"; };
		2391408D2E463AE2002445B0 /* TaskModelNew.xcdatamodel */ = {isa = PBXFileReference; lastKnownFileType = wrapper.xcdatamodel; path = TaskModelNew.xcdatamodel; sourceTree = "<group>"; };
		23A374B72E471BA400C1F910 /* ProgressHUD.swift */ = {isa = PBXFileReference; lastKnownFileType = sourcecode.swift; path = ProgressHUD.swift; sourceTree = "<group>"; };
		23A374B92E4728E000C1F910 /* DateFromStringMaker.swift */ = {isa = PBXFileReference; lastKnownFileType = sourcecode.swift; path = DateFromStringMaker.swift; sourceTree = "<group>"; };
		23A374BB2E47291200C1F910 /* StringFromDateMaker.swift */ = {isa = PBXFileReference; lastKnownFileType = sourcecode.swift; path = StringFromDateMaker.swift; sourceTree = "<group>"; };
/* End PBXFileReference section */

/* Begin PBXFrameworksBuildPhase section */
		23620C5B2E38DCBF006B4D60 /* Frameworks */ = {
			isa = PBXFrameworksBuildPhase;
			buildActionMask = 2147483647;
			files = (
				23A374B62E471B6400C1F910 /* ProgressHUD in Frameworks */,
			);
			runOnlyForDeploymentPostprocessing = 0;
		};
		23620C742E38DCC4006B4D60 /* Frameworks */ = {
			isa = PBXFrameworksBuildPhase;
			buildActionMask = 2147483647;
			files = (
			);
			runOnlyForDeploymentPostprocessing = 0;
		};
		23620C7E2E38DCC4006B4D60 /* Frameworks */ = {
			isa = PBXFrameworksBuildPhase;
			buildActionMask = 2147483647;
			files = (
			);
			runOnlyForDeploymentPostprocessing = 0;
		};
/* End PBXFrameworksBuildPhase section */

/* Begin PBXGroup section */
		2310D1632E3C4F62000A31BD /* ToDoTableView */ = {
			isa = PBXGroup;
			children = (
				2310D1642E3C4F83000A31BD /* ToDoTableViewCell.swift */,
			);
			path = ToDoTableView;
			sourceTree = "<group>";
		};
		23620C552E38DCBF006B4D60 = {
			isa = PBXGroup;
			children = (
				23620C602E38DCBF006B4D60 /* ToDoApp */,
				23620C7A2E38DCC4006B4D60 /* ToDoAppTests */,
				23620C842E38DCC4006B4D60 /* ToDoAppUITests */,
				23620C5F2E38DCBF006B4D60 /* Products */,
			);
			sourceTree = "<group>";
		};
		23620C5F2E38DCBF006B4D60 /* Products */ = {
			isa = PBXGroup;
			children = (
				23620C5E2E38DCBF006B4D60 /* ToDoApp.app */,
				23620C772E38DCC4006B4D60 /* ToDoAppTests.xctest */,
				23620C812E38DCC4006B4D60 /* ToDoAppUITests.xctest */,
			);
			name = Products;
			sourceTree = "<group>";
		};
		23620C602E38DCBF006B4D60 /* ToDoApp */ = {
			isa = PBXGroup;
			children = (
				238B4D112E44C017002B7B42 /* Helpers */,
				23620C962E38E084006B4D60 /* ToDoMainScreen */,
				238B4D0C2E44A1C5002B7B42 /* EditTaskScreen */,
				2378DDBE2E438048001C462E /* CreateNewTaskScreen */,
				2378DDB22E41D56B001C462E /* ToDoModels */,
				23620C612E38DCBF006B4D60 /* AppDelegate.swift */,
				23620C632E38DCBF006B4D60 /* SceneDelegate.swift */,
				23620C672E38DCBF006B4D60 /* Main.storyboard */,
				23620C6D2E38DCC4006B4D60 /* Assets.xcassets */,
				23620C6F2E38DCC4006B4D60 /* LaunchScreen.storyboard */,
				23620C722E38DCC4006B4D60 /* Info.plist */,
			);
			path = ToDoApp;
			sourceTree = "<group>";
		};
		23620C7A2E38DCC4006B4D60 /* ToDoAppTests */ = {
			isa = PBXGroup;
			children = (
				23620C7B2E38DCC4006B4D60 /* ToDoInteractorTests.swift */,
				23326CF02E467E97001BB014 /* ToDoPresenterTests.swift */,
			);
			path = ToDoAppTests;
			sourceTree = "<group>";
		};
		23620C842E38DCC4006B4D60 /* ToDoAppUITests */ = {
			isa = PBXGroup;
			children = (
				23620C852E38DCC4006B4D60 /* ToDoAppUITests.swift */,
				23620C872E38DCC4006B4D60 /* ToDoAppUITestsLaunchTests.swift */,
			);
			path = ToDoAppUITests;
			sourceTree = "<group>";
		};
		23620C962E38E084006B4D60 /* ToDoMainScreen */ = {
			isa = PBXGroup;
			children = (
				23620C942E38DE9F006B4D60 /* ToDoConfigurator.swift */,
				23396A172E3B5FA40011C343 /* ToDoPresenter.swift */,
				23620C652E38DCBF006B4D60 /* ToDoViewController.swift */,
				235F5CAA2E3F845700834C15 /* ToDoInteractor.swift */,
				235F5CAC2E3F885900834C15 /* ToDoDTO.swift */,
				2378DDBC2E437FA0001C462E /* ToDoRouter.swift */,
				234012E02E406EA300305D9B /* ToDoService.swift */,
				2310D1632E3C4F62000A31BD /* ToDoTableView */,
			);
			path = ToDoMainScreen;
			sourceTree = "<group>";
		};
		2378DDB22E41D56B001C462E /* ToDoModels */ = {
			isa = PBXGroup;
			children = (
				2378DDAF2E41D556001C462E /* TaskEntity+CoreDataProperties.swift */,
				2378DDAE2E41D556001C462E /* TaskEntity+CoreDataClass.swift */,
				23620C6A2E38DCBF006B4D60 /* ToDoApp.xcdatamodeld */,
				2378DDB32E41DAFD001C462E /* Task.swift */,
			);
			path = ToDoModels;
			sourceTree = "<group>";
		};
		2378DDBE2E438048001C462E /* CreateNewTaskScreen */ = {
			isa = PBXGroup;
			children = (
				238F13812E44EF6B004E47D1 /* CreateTaskViewController.swift */,
			);
			path = CreateNewTaskScreen;
			sourceTree = "<group>";
		};
		238B4D0C2E44A1C5002B7B42 /* EditTaskScreen */ = {
			isa = PBXGroup;
			children = (
				238B4D0D2E44A1DF002B7B42 /* EditTaskViewController.swift */,
				238B4D0F2E44B6A4002B7B42 /* EditTaskPresenter.swift */,
				238B4D142E44CC46002B7B42 /* EditTaskInteractor.swift */,
				237B69412E450901008B6545 /* EditTaskRouter.swift */,
			);
			path = EditTaskScreen;
			sourceTree = "<group>";
		};
		238B4D112E44C017002B7B42 /* Helpers */ = {
			isa = PBXGroup;
			children = (
				238B4D122E44C03F002B7B42 /* WordChancher.swift */,
				238B4D162E44CF80002B7B42 /* TodayDate.swift */,
				23A374B72E471BA400C1F910 /* ProgressHUD.swift */,
				23A374B92E4728E000C1F910 /* DateFromStringMaker.swift */,
				23A374BB2E47291200C1F910 /* StringFromDateMaker.swift */,
			);
			path = Helpers;
			sourceTree = "<group>";
		};
/* End PBXGroup section */

/* Begin PBXNativeTarget section */
		23620C5D2E38DCBF006B4D60 /* ToDoApp */ = {
			isa = PBXNativeTarget;
			buildConfigurationList = 23620C8B2E38DCC4006B4D60 /* Build configuration list for PBXNativeTarget "ToDoApp" */;
			buildPhases = (
				23620C5A2E38DCBF006B4D60 /* Sources */,
				23620C5B2E38DCBF006B4D60 /* Frameworks */,
				23620C5C2E38DCBF006B4D60 /* Resources */,
			);
			buildRules = (
			);
			dependencies = (
			);
			name = ToDoApp;
			packageProductDependencies = (
				23A374B52E471B6400C1F910 /* ProgressHUD */,
			);
			productName = ToDoApp;
			productReference = 23620C5E2E38DCBF006B4D60 /* ToDoApp.app */;
			productType = "com.apple.product-type.application";
		};
		23620C762E38DCC4006B4D60 /* ToDoAppTests */ = {
			isa = PBXNativeTarget;
			buildConfigurationList = 23620C8E2E38DCC4006B4D60 /* Build configuration list for PBXNativeTarget "ToDoAppTests" */;
			buildPhases = (
				23620C732E38DCC4006B4D60 /* Sources */,
				23620C742E38DCC4006B4D60 /* Frameworks */,
				23620C752E38DCC4006B4D60 /* Resources */,
			);
			buildRules = (
			);
			dependencies = (
				23620C792E38DCC4006B4D60 /* PBXTargetDependency */,
			);
			name = ToDoAppTests;
			productName = ToDoAppTests;
			productReference = 23620C772E38DCC4006B4D60 /* ToDoAppTests.xctest */;
			productType = "com.apple.product-type.bundle.unit-test";
		};
		23620C802E38DCC4006B4D60 /* ToDoAppUITests */ = {
			isa = PBXNativeTarget;
			buildConfigurationList = 23620C912E38DCC4006B4D60 /* Build configuration list for PBXNativeTarget "ToDoAppUITests" */;
			buildPhases = (
				23620C7D2E38DCC4006B4D60 /* Sources */,
				23620C7E2E38DCC4006B4D60 /* Frameworks */,
				23620C7F2E38DCC4006B4D60 /* Resources */,
			);
			buildRules = (
			);
			dependencies = (
				23620C832E38DCC4006B4D60 /* PBXTargetDependency */,
			);
			name = ToDoAppUITests;
			productName = ToDoAppUITests;
			productReference = 23620C812E38DCC4006B4D60 /* ToDoAppUITests.xctest */;
			productType = "com.apple.product-type.bundle.ui-testing";
		};
/* End PBXNativeTarget section */

/* Begin PBXProject section */
		23620C562E38DCBF006B4D60 /* Project object */ = {
			isa = PBXProject;
			attributes = {
				BuildIndependentTargetsInParallel = 1;
				LastSwiftUpdateCheck = 1430;
				LastUpgradeCheck = 1430;
				TargetAttributes = {
					23620C5D2E38DCBF006B4D60 = {
						CreatedOnToolsVersion = 14.3.1;
					};
					23620C762E38DCC4006B4D60 = {
						CreatedOnToolsVersion = 14.3.1;
						TestTargetID = 23620C5D2E38DCBF006B4D60;
					};
					23620C802E38DCC4006B4D60 = {
						CreatedOnToolsVersion = 14.3.1;
						TestTargetID = 23620C5D2E38DCBF006B4D60;
					};
				};
			};
			buildConfigurationList = 23620C592E38DCBF006B4D60 /* Build configuration list for PBXProject "ToDoApp" */;
			compatibilityVersion = "Xcode 14.0";
			developmentRegion = en;
			hasScannedForEncodings = 0;
			knownRegions = (
				en,
				Base,
			);
			mainGroup = 23620C552E38DCBF006B4D60;
			packageReferences = (
				23A374B42E471B6400C1F910 /* XCRemoteSwiftPackageReference "ProgressHUD" */,
			);
			productRefGroup = 23620C5F2E38DCBF006B4D60 /* Products */;
			projectDirPath = "";
			projectRoot = "";
			targets = (
				23620C5D2E38DCBF006B4D60 /* ToDoApp */,
				23620C762E38DCC4006B4D60 /* ToDoAppTests */,
				23620C802E38DCC4006B4D60 /* ToDoAppUITests */,
			);
		};
/* End PBXProject section */

/* Begin PBXResourcesBuildPhase section */
		23620C5C2E38DCBF006B4D60 /* Resources */ = {
			isa = PBXResourcesBuildPhase;
			buildActionMask = 2147483647;
			files = (
				23620C712E38DCC4006B4D60 /* LaunchScreen.storyboard in Resources */,
				23620C6E2E38DCC4006B4D60 /* Assets.xcassets in Resources */,
				23620C692E38DCBF006B4D60 /* Main.storyboard in Resources */,
			);
			runOnlyForDeploymentPostprocessing = 0;
		};
		23620C752E38DCC4006B4D60 /* Resources */ = {
			isa = PBXResourcesBuildPhase;
			buildActionMask = 2147483647;
			files = (
			);
			runOnlyForDeploymentPostprocessing = 0;
		};
		23620C7F2E38DCC4006B4D60 /* Resources */ = {
			isa = PBXResourcesBuildPhase;
			buildActionMask = 2147483647;
			files = (
			);
			runOnlyForDeploymentPostprocessing = 0;
		};
/* End PBXResourcesBuildPhase section */

/* Begin PBXSourcesBuildPhase section */
		23620C5A2E38DCBF006B4D60 /* Sources */ = {
			isa = PBXSourcesBuildPhase;
			buildActionMask = 2147483647;
			files = (
				2378DDB12E41D556001C462E /* TaskEntity+CoreDataProperties.swift in Sources */,
				23620C662E38DCBF006B4D60 /* ToDoViewController.swift in Sources */,
				2378DDBD2E437FA0001C462E /* ToDoRouter.swift in Sources */,
				238B4D132E44C03F002B7B42 /* WordChancher.swift in Sources */,
				23620C622E38DCBF006B4D60 /* AppDelegate.swift in Sources */,
				2310D1652E3C4F83000A31BD /* ToDoTableViewCell.swift in Sources */,
				23620C642E38DCBF006B4D60 /* SceneDelegate.swift in Sources */,
				238B4D0E2E44A1DF002B7B42 /* EditTaskViewController.swift in Sources */,
				23A374BA2E4728E000C1F910 /* DateFromStringMaker.swift in Sources */,
				238B4D172E44CF80002B7B42 /* TodayDate.swift in Sources */,
				2378DDB02E41D556001C462E /* TaskEntity+CoreDataClass.swift in Sources */,
				23620C952E38DE9F006B4D60 /* ToDoConfigurator.swift in Sources */,
				238B4D152E44CC46002B7B42 /* EditTaskInteractor.swift in Sources */,
				238B4D102E44B6A4002B7B42 /* EditTaskPresenter.swift in Sources */,
				235F5CAD2E3F885900834C15 /* ToDoDTO.swift in Sources */,
				237B69422E450901008B6545 /* EditTaskRouter.swift in Sources */,
				23396A182E3B5FA40011C343 /* ToDoPresenter.swift in Sources */,
				23A374B82E471BA400C1F910 /* ProgressHUD.swift in Sources */,
				234012E12E406EA300305D9B /* ToDoService.swift in Sources */,
				235F5CAB2E3F845700834C15 /* ToDoInteractor.swift in Sources */,
				2378DDB42E41DAFD001C462E /* Task.swift in Sources */,
				23A374BC2E47291200C1F910 /* StringFromDateMaker.swift in Sources */,
				23620C6C2E38DCBF006B4D60 /* ToDoApp.xcdatamodeld in Sources */,
				238F13822E44EF6B004E47D1 /* CreateTaskViewController.swift in Sources */,
			);
			runOnlyForDeploymentPostprocessing = 0;
		};
		23620C732E38DCC4006B4D60 /* Sources */ = {
			isa = PBXSourcesBuildPhase;
			buildActionMask = 2147483647;
			files = (
				23326CF12E467E97001BB014 /* ToDoPresenterTests.swift in Sources */,
				23620C7C2E38DCC4006B4D60 /* ToDoInteractorTests.swift in Sources */,
			);
			runOnlyForDeploymentPostprocessing = 0;
		};
		23620C7D2E38DCC4006B4D60 /* Sources */ = {
			isa = PBXSourcesBuildPhase;
			buildActionMask = 2147483647;
			files = (
				23620C882E38DCC4006B4D60 /* ToDoAppUITestsLaunchTests.swift in Sources */,
				23620C862E38DCC4006B4D60 /* ToDoAppUITests.swift in Sources */,
			);
			runOnlyForDeploymentPostprocessing = 0;
		};
/* End PBXSourcesBuildPhase section */

/* Begin PBXTargetDependency section */
		23620C792E38DCC4006B4D60 /* PBXTargetDependency */ = {
			isa = PBXTargetDependency;
			target = 23620C5D2E38DCBF006B4D60 /* ToDoApp */;
			targetProxy = 23620C782E38DCC4006B4D60 /* PBXContainerItemProxy */;
		};
		23620C832E38DCC4006B4D60 /* PBXTargetDependency */ = {
			isa = PBXTargetDependency;
			target = 23620C5D2E38DCBF006B4D60 /* ToDoApp */;
			targetProxy = 23620C822E38DCC4006B4D60 /* PBXContainerItemProxy */;
		};
/* End PBXTargetDependency section */

/* Begin PBXVariantGroup section */
		23620C672E38DCBF006B4D60 /* Main.storyboard */ = {
			isa = PBXVariantGroup;
			children = (
				23620C682E38DCBF006B4D60 /* Base */,
			);
			name = Main.storyboard;
			sourceTree = "<group>";
		};
		23620C6F2E38DCC4006B4D60 /* LaunchScreen.storyboard */ = {
			isa = PBXVariantGroup;
			children = (
				23620C702E38DCC4006B4D60 /* Base */,
			);
			name = LaunchScreen.storyboard;
			sourceTree = "<group>";
		};
/* End PBXVariantGroup section */

/* Begin XCBuildConfiguration section */
		23620C892E38DCC4006B4D60 /* Debug */ = {
			isa = XCBuildConfiguration;
			buildSettings = {
				ALWAYS_SEARCH_USER_PATHS = NO;
				CLANG_ANALYZER_NONNULL = YES;
				CLANG_ANALYZER_NUMBER_OBJECT_CONVERSION = YES_AGGRESSIVE;
				CLANG_CXX_LANGUAGE_STANDARD = "gnu++20";
				CLANG_ENABLE_MODULES = YES;
				CLANG_ENABLE_OBJC_ARC = YES;
				CLANG_ENABLE_OBJC_WEAK = YES;
				CLANG_WARN_BLOCK_CAPTURE_AUTORELEASING = YES;
				CLANG_WARN_BOOL_CONVERSION = YES;
				CLANG_WARN_COMMA = YES;
				CLANG_WARN_CONSTANT_CONVERSION = YES;
				CLANG_WARN_DEPRECATED_OBJC_IMPLEMENTATIONS = YES;
				CLANG_WARN_DIRECT_OBJC_ISA_USAGE = YES_ERROR;
				CLANG_WARN_DOCUMENTATION_COMMENTS = YES;
				CLANG_WARN_EMPTY_BODY = YES;
				CLANG_WARN_ENUM_CONVERSION = YES;
				CLANG_WARN_INFINITE_RECURSION = YES;
				CLANG_WARN_INT_CONVERSION = YES;
				CLANG_WARN_NON_LITERAL_NULL_CONVERSION = YES;
				CLANG_WARN_OBJC_IMPLICIT_RETAIN_SELF = YES;
				CLANG_WARN_OBJC_LITERAL_CONVERSION = YES;
				CLANG_WARN_OBJC_ROOT_CLASS = YES_ERROR;
				CLANG_WARN_QUOTED_INCLUDE_IN_FRAMEWORK_HEADER = YES;
				CLANG_WARN_RANGE_LOOP_ANALYSIS = YES;
				CLANG_WARN_STRICT_PROTOTYPES = YES;
				CLANG_WARN_SUSPICIOUS_MOVE = YES;
				CLANG_WARN_UNGUARDED_AVAILABILITY = YES_AGGRESSIVE;
				CLANG_WARN_UNREACHABLE_CODE = YES;
				CLANG_WARN__DUPLICATE_METHOD_MATCH = YES;
				COPY_PHASE_STRIP = NO;
				DEBUG_INFORMATION_FORMAT = dwarf;
				ENABLE_STRICT_OBJC_MSGSEND = YES;
				ENABLE_TESTABILITY = YES;
				GCC_C_LANGUAGE_STANDARD = gnu11;
				GCC_DYNAMIC_NO_PIC = NO;
				GCC_NO_COMMON_BLOCKS = YES;
				GCC_OPTIMIZATION_LEVEL = 0;
				GCC_PREPROCESSOR_DEFINITIONS = (
					"DEBUG=1",
					"$(inherited)",
				);
				GCC_WARN_64_TO_32_BIT_CONVERSION = YES;
				GCC_WARN_ABOUT_RETURN_TYPE = YES_ERROR;
				GCC_WARN_UNDECLARED_SELECTOR = YES;
				GCC_WARN_UNINITIALIZED_AUTOS = YES_AGGRESSIVE;
				GCC_WARN_UNUSED_FUNCTION = YES;
				GCC_WARN_UNUSED_VARIABLE = YES;
				IPHONEOS_DEPLOYMENT_TARGET = 16.4;
				MTL_ENABLE_DEBUG_INFO = INCLUDE_SOURCE;
				MTL_FAST_MATH = YES;
				ONLY_ACTIVE_ARCH = YES;
				SDKROOT = iphoneos;
				SWIFT_ACTIVE_COMPILATION_CONDITIONS = DEBUG;
				SWIFT_OPTIMIZATION_LEVEL = "-Onone";
			};
			name = Debug;
		};
		23620C8A2E38DCC4006B4D60 /* Release */ = {
			isa = XCBuildConfiguration;
			buildSettings = {
				ALWAYS_SEARCH_USER_PATHS = NO;
				CLANG_ANALYZER_NONNULL = YES;
				CLANG_ANALYZER_NUMBER_OBJECT_CONVERSION = YES_AGGRESSIVE;
				CLANG_CXX_LANGUAGE_STANDARD = "gnu++20";
				CLANG_ENABLE_MODULES = YES;
				CLANG_ENABLE_OBJC_ARC = YES;
				CLANG_ENABLE_OBJC_WEAK = YES;
				CLANG_WARN_BLOCK_CAPTURE_AUTORELEASING = YES;
				CLANG_WARN_BOOL_CONVERSION = YES;
				CLANG_WARN_COMMA = YES;
				CLANG_WARN_CONSTANT_CONVERSION = YES;
				CLANG_WARN_DEPRECATED_OBJC_IMPLEMENTATIONS = YES;
				CLANG_WARN_DIRECT_OBJC_ISA_USAGE = YES_ERROR;
				CLANG_WARN_DOCUMENTATION_COMMENTS = YES;
				CLANG_WARN_EMPTY_BODY = YES;
				CLANG_WARN_ENUM_CONVERSION = YES;
				CLANG_WARN_INFINITE_RECURSION = YES;
				CLANG_WARN_INT_CONVERSION = YES;
				CLANG_WARN_NON_LITERAL_NULL_CONVERSION = YES;
				CLANG_WARN_OBJC_IMPLICIT_RETAIN_SELF = YES;
				CLANG_WARN_OBJC_LITERAL_CONVERSION = YES;
				CLANG_WARN_OBJC_ROOT_CLASS = YES_ERROR;
				CLANG_WARN_QUOTED_INCLUDE_IN_FRAMEWORK_HEADER = YES;
				CLANG_WARN_RANGE_LOOP_ANALYSIS = YES;
				CLANG_WARN_STRICT_PROTOTYPES = YES;
				CLANG_WARN_SUSPICIOUS_MOVE = YES;
				CLANG_WARN_UNGUARDED_AVAILABILITY = YES_AGGRESSIVE;
				CLANG_WARN_UNREACHABLE_CODE = YES;
				CLANG_WARN__DUPLICATE_METHOD_MATCH = YES;
				COPY_PHASE_STRIP = NO;
				DEBUG_INFORMATION_FORMAT = "dwarf-with-dsym";
				ENABLE_NS_ASSERTIONS = NO;
				ENABLE_STRICT_OBJC_MSGSEND = YES;
				GCC_C_LANGUAGE_STANDARD = gnu11;
				GCC_NO_COMMON_BLOCKS = YES;
				GCC_WARN_64_TO_32_BIT_CONVERSION = YES;
				GCC_WARN_ABOUT_RETURN_TYPE = YES_ERROR;
				GCC_WARN_UNDECLARED_SELECTOR = YES;
				GCC_WARN_UNINITIALIZED_AUTOS = YES_AGGRESSIVE;
				GCC_WARN_UNUSED_FUNCTION = YES;
				GCC_WARN_UNUSED_VARIABLE = YES;
				IPHONEOS_DEPLOYMENT_TARGET = 16.4;
				MTL_ENABLE_DEBUG_INFO = NO;
				MTL_FAST_MATH = YES;
				SDKROOT = iphoneos;
				SWIFT_COMPILATION_MODE = wholemodule;
				SWIFT_OPTIMIZATION_LEVEL = "-O";
				VALIDATE_PRODUCT = YES;
			};
			name = Release;
		};
		23620C8C2E38DCC4006B4D60 /* Debug */ = {
			isa = XCBuildConfiguration;
			buildSettings = {
				ASSETCATALOG_COMPILER_APPICON_NAME = AppIcon;
				ASSETCATALOG_COMPILER_GLOBAL_ACCENT_COLOR_NAME = AccentColor;
				CODE_SIGN_STYLE = Automatic;
				CURRENT_PROJECT_VERSION = 1;
				DEVELOPMENT_TEAM = 47QDN34MSB;
				GENERATE_INFOPLIST_FILE = YES;
				INFOPLIST_FILE = ToDoApp/Info.plist;
				INFOPLIST_KEY_UIApplicationSupportsIndirectInputEvents = YES;
				INFOPLIST_KEY_UILaunchStoryboardName = LaunchScreen;
				INFOPLIST_KEY_UIMainStoryboardFile = Main;
				INFOPLIST_KEY_UISupportedInterfaceOrientations = UIInterfaceOrientationPortrait;
				INFOPLIST_KEY_UISupportedInterfaceOrientations_iPad = "UIInterfaceOrientationLandscapeLeft UIInterfaceOrientationLandscapeRight UIInterfaceOrientationPortrait UIInterfaceOrientationPortraitUpsideDown";
				IPHONEOS_DEPLOYMENT_TARGET = 14.0;
				LD_RUNPATH_SEARCH_PATHS = (
					"$(inherited)",
					"@executable_path/Frameworks",
				);
				MARKETING_VERSION = 1.0;
				PRODUCT_BUNDLE_IDENTIFIER = ru.kosAleks.ToDoApp;
				PRODUCT_NAME = "$(TARGET_NAME)";
				SUPPORTED_PLATFORMS = "iphoneos iphonesimulator";
				SUPPORTS_MACCATALYST = NO;
				SUPPORTS_MAC_DESIGNED_FOR_IPHONE_IPAD = NO;
				SWIFT_EMIT_LOC_STRINGS = YES;
				SWIFT_VERSION = 5.0;
				TARGETED_DEVICE_FAMILY = 1;
			};
			name = Debug;
		};
		23620C8D2E38DCC4006B4D60 /* Release */ = {
			isa = XCBuildConfiguration;
			buildSettings = {
				ASSETCATALOG_COMPILER_APPICON_NAME = AppIcon;
				ASSETCATALOG_COMPILER_GLOBAL_ACCENT_COLOR_NAME = AccentColor;
				CODE_SIGN_STYLE = Automatic;
				CURRENT_PROJECT_VERSION = 1;
				DEVELOPMENT_TEAM = 47QDN34MSB;
				GENERATE_INFOPLIST_FILE = YES;
				INFOPLIST_FILE = ToDoApp/Info.plist;
				INFOPLIST_KEY_UIApplicationSupportsIndirectInputEvents = YES;
				INFOPLIST_KEY_UILaunchStoryboardName = LaunchScreen;
				INFOPLIST_KEY_UIMainStoryboardFile = Main;
				INFOPLIST_KEY_UISupportedInterfaceOrientations = UIInterfaceOrientationPortrait;
				INFOPLIST_KEY_UISupportedInterfaceOrientations_iPad = "UIInterfaceOrientationLandscapeLeft UIInterfaceOrientationLandscapeRight UIInterfaceOrientationPortrait UIInterfaceOrientationPortraitUpsideDown";
				IPHONEOS_DEPLOYMENT_TARGET = 14.0;
				LD_RUNPATH_SEARCH_PATHS = (
					"$(inherited)",
					"@executable_path/Frameworks",
				);
				MARKETING_VERSION = 1.0;
				PRODUCT_BUNDLE_IDENTIFIER = ru.kosAleks.ToDoApp;
				PRODUCT_NAME = "$(TARGET_NAME)";
				SUPPORTED_PLATFORMS = "iphoneos iphonesimulator";
				SUPPORTS_MACCATALYST = NO;
				SUPPORTS_MAC_DESIGNED_FOR_IPHONE_IPAD = NO;
				SWIFT_EMIT_LOC_STRINGS = YES;
				SWIFT_VERSION = 5.0;
				TARGETED_DEVICE_FAMILY = 1;
			};
			name = Release;
		};
		23620C8F2E38DCC4006B4D60 /* Debug */ = {
			isa = XCBuildConfiguration;
			buildSettings = {
				ALWAYS_EMBED_SWIFT_STANDARD_LIBRARIES = YES;
				BUNDLE_LOADER = "$(TEST_HOST)";
				CODE_SIGN_STYLE = Automatic;
				CURRENT_PROJECT_VERSION = 1;
				DEVELOPMENT_TEAM = 47QDN34MSB;
				GENERATE_INFOPLIST_FILE = YES;
				IPHONEOS_DEPLOYMENT_TARGET = 16.4;
				MARKETING_VERSION = 1.0;
				PRODUCT_BUNDLE_IDENTIFIER = ru.kosAleks.ToDoAppTests;
				PRODUCT_NAME = "$(TARGET_NAME)";
				SWIFT_EMIT_LOC_STRINGS = NO;
				SWIFT_VERSION = 5.0;
				TARGETED_DEVICE_FAMILY = "1,2";
				TEST_HOST = "$(BUILT_PRODUCTS_DIR)/ToDoApp.app/$(BUNDLE_EXECUTABLE_FOLDER_PATH)/ToDoApp";
			};
			name = Debug;
		};
		23620C902E38DCC4006B4D60 /* Release */ = {
			isa = XCBuildConfiguration;
			buildSettings = {
				ALWAYS_EMBED_SWIFT_STANDARD_LIBRARIES = YES;
				BUNDLE_LOADER = "$(TEST_HOST)";
				CODE_SIGN_STYLE = Automatic;
				CURRENT_PROJECT_VERSION = 1;
				DEVELOPMENT_TEAM = 47QDN34MSB;
				GENERATE_INFOPLIST_FILE = YES;
				IPHONEOS_DEPLOYMENT_TARGET = 16.4;
				MARKETING_VERSION = 1.0;
				PRODUCT_BUNDLE_IDENTIFIER = ru.kosAleks.ToDoAppTests;
				PRODUCT_NAME = "$(TARGET_NAME)";
				SWIFT_EMIT_LOC_STRINGS = NO;
				SWIFT_VERSION = 5.0;
				TARGETED_DEVICE_FAMILY = "1,2";
				TEST_HOST = "$(BUILT_PRODUCTS_DIR)/ToDoApp.app/$(BUNDLE_EXECUTABLE_FOLDER_PATH)/ToDoApp";
			};
			name = Release;
		};
		23620C922E38DCC4006B4D60 /* Debug */ = {
			isa = XCBuildConfiguration;
			buildSettings = {
				ALWAYS_EMBED_SWIFT_STANDARD_LIBRARIES = YES;
				CODE_SIGN_STYLE = Automatic;
				CURRENT_PROJECT_VERSION = 1;
				DEVELOPMENT_TEAM = 47QDN34MSB;
				GENERATE_INFOPLIST_FILE = YES;
				MARKETING_VERSION = 1.0;
				PRODUCT_BUNDLE_IDENTIFIER = ru.kosAleks.ToDoAppUITests;
				PRODUCT_NAME = "$(TARGET_NAME)";
				SWIFT_EMIT_LOC_STRINGS = NO;
				SWIFT_VERSION = 5.0;
				TARGETED_DEVICE_FAMILY = "1,2";
				TEST_TARGET_NAME = ToDoApp;
			};
			name = Debug;
		};
		23620C932E38DCC4006B4D60 /* Release */ = {
			isa = XCBuildConfiguration;
			buildSettings = {
				ALWAYS_EMBED_SWIFT_STANDARD_LIBRARIES = YES;
				CODE_SIGN_STYLE = Automatic;
				CURRENT_PROJECT_VERSION = 1;
				DEVELOPMENT_TEAM = 47QDN34MSB;
				GENERATE_INFOPLIST_FILE = YES;
				MARKETING_VERSION = 1.0;
				PRODUCT_BUNDLE_IDENTIFIER = ru.kosAleks.ToDoAppUITests;
				PRODUCT_NAME = "$(TARGET_NAME)";
				SWIFT_EMIT_LOC_STRINGS = NO;
				SWIFT_VERSION = 5.0;
				TARGETED_DEVICE_FAMILY = "1,2";
				TEST_TARGET_NAME = ToDoApp;
			};
			name = Release;
		};
/* End XCBuildConfiguration section */

/* Begin XCConfigurationList section */
		23620C592E38DCBF006B4D60 /* Build configuration list for PBXProject "ToDoApp" */ = {
			isa = XCConfigurationList;
			buildConfigurations = (
				23620C892E38DCC4006B4D60 /* Debug */,
				23620C8A2E38DCC4006B4D60 /* Release */,
			);
			defaultConfigurationIsVisible = 0;
			defaultConfigurationName = Release;
		};
		23620C8B2E38DCC4006B4D60 /* Build configuration list for PBXNativeTarget "ToDoApp" */ = {
			isa = XCConfigurationList;
			buildConfigurations = (
				23620C8C2E38DCC4006B4D60 /* Debug */,
				23620C8D2E38DCC4006B4D60 /* Release */,
			);
			defaultConfigurationIsVisible = 0;
			defaultConfigurationName = Release;
		};
		23620C8E2E38DCC4006B4D60 /* Build configuration list for PBXNativeTarget "ToDoAppTests" */ = {
			isa = XCConfigurationList;
			buildConfigurations = (
				23620C8F2E38DCC4006B4D60 /* Debug */,
				23620C902E38DCC4006B4D60 /* Release */,
			);
			defaultConfigurationIsVisible = 0;
			defaultConfigurationName = Release;
		};
		23620C912E38DCC4006B4D60 /* Build configuration list for PBXNativeTarget "ToDoAppUITests" */ = {
			isa = XCConfigurationList;
			buildConfigurations = (
				23620C922E38DCC4006B4D60 /* Debug */,
				23620C932E38DCC4006B4D60 /* Release */,
			);
			defaultConfigurationIsVisible = 0;
			defaultConfigurationName = Release;
		};
/* End XCConfigurationList section */

/* Begin XCRemoteSwiftPackageReference section */
		23A374B42E471B6400C1F910 /* XCRemoteSwiftPackageReference "ProgressHUD" */ = {
			isa = XCRemoteSwiftPackageReference;
			repositoryURL = "https://github.com/relatedcode/ProgressHUD";
			requirement = {
				kind = upToNextMajorVersion;
				minimumVersion = 13.8.6;
			};
		};
/* End XCRemoteSwiftPackageReference section */

/* Begin XCSwiftPackageProductDependency section */
		23A374B52E471B6400C1F910 /* ProgressHUD */ = {
			isa = XCSwiftPackageProductDependency;
			package = 23A374B42E471B6400C1F910 /* XCRemoteSwiftPackageReference "ProgressHUD" */;
			productName = ProgressHUD;
		};
/* End XCSwiftPackageProductDependency section */

/* Begin XCVersionGroup section */
		23620C6A2E38DCBF006B4D60 /* ToDoApp.xcdatamodeld */ = {
			isa = XCVersionGroup;
			children = (
				2391408D2E463AE2002445B0 /* TaskModelNew.xcdatamodel */,
				23620C6B2E38DCBF006B4D60 /* ToDoApp.xcdatamodel */,
			);
			currentVersion = 2391408D2E463AE2002445B0 /* TaskModelNew.xcdatamodel */;
			path = ToDoApp.xcdatamodeld;
			sourceTree = "<group>";
			versionGroupType = wrapper.xcdatamodel;
		};
/* End XCVersionGroup section */
	};
	rootObject = 23620C562E38DCBF006B4D60 /* Project object */;
}
